<?xml version="1.0" encoding="UTF-8"?>
<Scheme
   version = "1.3">
   <BuildAction>
      <BuildActionEntries>
         <BuildActionEntry
            buildForRunning = "YES">
            <BuildableReference
               BuildableIdentifier = "primary"
               BlueprintIdentifier = "E94D817E1DBF5D7B00291DA6"
               BuildableName = "SenderFrameworkResources.bundle"
               BlueprintName = "SenderFrameworkResources"
               ReferencedContainer = "container:SENDER.xcodeproj">
            </BuildableReference>
         </BuildActionEntry>
      </BuildActionEntries>
   </BuildAction>
   <LaunchAction
      useCustomWorkingDirectory = "NO"
      buildConfiguration = "Release">
   </LaunchAction>
</Scheme>
